
Microsoft Visual Studio Solution File, Format Version 12.00
# Visual Studio 15
VisualStudioVersion = 15.0.28307.757
MinimumVisualStudioVersion = 10.0.40219.1
Project("{FAE04EC0-301F-11D3-BF4B-00C04F79EFBC}") = "OpenBacon.Android", "OpenBacon\OpenBacon.Android\OpenBacon.Android.csproj", "{204DCC98-738D-408A-B3F3-DF657BB32056}"
EndProject
Project("{FAE04EC0-301F-11D3-BF4B-00C04F79EFBC}") = "OpenBacon.iOS", "OpenBacon\OpenBacon.iOS\OpenBacon.iOS.csproj", "{F4660E72-29C9-4067-9B71-4A76B6F344B7}"
EndProject
Project("{FAE04EC0-301F-11D3-BF4B-00C04F79EFBC}") = "OpenBacon", "OpenBacon\OpenBacon\OpenBacon.csproj", "{DE53E765-6F84-412B-A591-EFD00E4CC777}"
EndProject
Global
	GlobalSection(SolutionConfigurationPlatforms) = preSolution
		Ad-Hoc|Any CPU = Ad-Hoc|Any CPU
		Ad-Hoc|iPhone = Ad-Hoc|iPhone
		Ad-Hoc|iPhoneSimulator = Ad-Hoc|iPhoneSimulator
		AppStore|Any CPU = AppStore|Any CPU
		AppStore|iPhone = AppStore|iPhone
		AppStore|iPhoneSimulator = AppStore|iPhoneSimulator
		Debug|Any CPU = Debug|Any CPU
		Debug|iPhone = Debug|iPhone
		Debug|iPhoneSimulator = Debug|iPhoneSimulator
		Release|Any CPU = Release|Any CPU
		Release|iPhone = Release|iPhone
		Release|iPhoneSimulator = Release|iPhoneSimulator
	EndGlobalSection
	GlobalSection(ProjectConfigurationPlatforms) = postSolution
		{204DCC98-738D-408A-B3F3-DF657BB32056}.Ad-Hoc|Any CPU.ActiveCfg = Release|Any CPU
		{204DCC98-738D-408A-B3F3-DF657BB32056}.Ad-Hoc|Any CPU.Build.0 = Release|Any CPU
		{204DCC98-738D-408A-B3F3-DF657BB32056}.Ad-Hoc|Any CPU.Deploy.0 = Release|Any CPU
		{204DCC98-738D-408A-B3F3-DF657BB32056}.Ad-Hoc|iPhone.ActiveCfg = Release|Any CPU
		{204DCC98-738D-408A-B3F3-DF657BB32056}.Ad-Hoc|iPhone.Build.0 = Release|Any CPU
		{204DCC98-738D-408A-B3F3-DF657BB32056}.Ad-Hoc|iPhone.Deploy.0 = Release|Any CPU
		{204DCC98-738D-408A-B3F3-DF657BB32056}.Ad-Hoc|iPhoneSimulator.ActiveCfg = Release|Any CPU
		{204DCC98-738D-408A-B3F3-DF657BB32056}.Ad-Hoc|iPhoneSimulator.Build.0 = Release|Any CPU
		{204DCC98-738D-408A-B3F3-DF657BB32056}.Ad-Hoc|iPhoneSimulator.Deploy.0 = Release|Any CPU
		{204DCC98-738D-408A-B3F3-DF657BB32056}.AppStore|Any CPU.ActiveCfg = Release|Any CPU
		{204DCC98-738D-408A-B3F3-DF657BB32056}.AppStore|Any CPU.Build.0 = Release|Any CPU
		{204DCC98-738D-408A-B3F3-DF657BB32056}.AppStore|Any CPU.Deploy.0 = Release|Any CPU
		{204DCC98-738D-408A-B3F3-DF657BB32056}.AppStore|iPhone.ActiveCfg = Release|Any CPU
		{204DCC98-738D-408A-B3F3-DF657BB32056}.AppStore|iPhone.Build.0 = Release|Any CPU
		{204DCC98-738D-408A-B3F3-DF657BB32056}.AppStore|iPhone.Deploy.0 = Release|Any CPU
		{204DCC98-738D-408A-B3F3-DF657BB32056}.AppStore|iPhoneSimulator.ActiveCfg = Release|Any CPU
		{204DCC98-738D-408A-B3F3-DF657BB32056}.AppStore|iPhoneSimulator.Build.0 = Release|Any CPU
		{204DCC98-738D-408A-B3F3-DF657BB32056}.AppStore|iPhoneSimulator.Deploy.0 = Release|Any CPU
		{204DCC98-738D-408A-B3F3-DF657BB32056}.Debug|Any CPU.ActiveCfg = Debug|Any CPU
		{204DCC98-738D-408A-B3F3-DF657BB32056}.Debug|Any CPU.Build.0 = Debug|Any CPU
		{204DCC98-738D-408A-B3F3-DF657BB32056}.Debug|Any CPU.Deploy.0 = Debug|Any CPU
		{204DCC98-738D-408A-B3F3-DF657BB32056}.Debug|iPhone.ActiveCfg = Debug|Any CPU
		{204DCC98-738D-408A-B3F3-DF657BB32056}.Debug|iPhone.Build.0 = Debug|Any CPU
		{204DCC98-738D-408A-B3F3-DF657BB32056}.Debug|iPhone.Deploy.0 = Debug|Any CPU
		{204DCC98-738D-408A-B3F3-DF657BB32056}.Debug|iPhoneSimulator.ActiveCfg = Debug|Any CPU
		{204DCC98-738D-408A-B3F3-DF657BB32056}.Debug|iPhoneSimulator.Build.0 = Debug|Any CPU
		{204DCC98-738D-408A-B3F3-DF657BB32056}.Debug|iPhoneSimulator.Deploy.0 = Debug|Any CPU
		{204DCC98-738D-408A-B3F3-DF657BB32056}.Release|Any CPU.ActiveCfg = Release|Any CPU
		{204DCC98-738D-408A-B3F3-DF657BB32056}.Release|Any CPU.Build.0 = Release|Any CPU
		{204DCC98-738D-408A-B3F3-DF657BB32056}.Release|Any CPU.Deploy.0 = Release|Any CPU
		{204DCC98-738D-408A-B3F3-DF657BB32056}.Release|iPhone.ActiveCfg = Release|Any CPU
		{204DCC98-738D-408A-B3F3-DF657BB32056}.Release|iPhone.Build.0 = Release|Any CPU
		{204DCC98-738D-408A-B3F3-DF657BB32056}.Release|iPhone.Deploy.0 = Release|Any CPU
		{204DCC98-738D-408A-B3F3-DF657BB32056}.Release|iPhoneSimulator.ActiveCfg = Release|Any CPU
		{204DCC98-738D-408A-B3F3-DF657BB32056}.Release|iPhoneSimulator.Build.0 = Release|Any CPU
		{204DCC98-738D-408A-B3F3-DF657BB32056}.Release|iPhoneSimulator.Deploy.0 = Release|Any CPU
		{F4660E72-29C9-4067-9B71-4A76B6F344B7}.Ad-Hoc|Any CPU.ActiveCfg = Ad-Hoc|iPhone
		{F4660E72-29C9-4067-9B71-4A76B6F344B7}.Ad-Hoc|Any CPU.Build.0 = Ad-Hoc|iPhone
		{F4660E72-29C9-4067-9B71-4A76B6F344B7}.Ad-Hoc|Any CPU.Deploy.0 = Ad-Hoc|iPhone
		{F4660E72-29C9-4067-9B71-4A76B6F344B7}.Ad-Hoc|iPhone.ActiveCfg = Ad-Hoc|iPhone
		{F4660E72-29C9-4067-9B71-4A76B6F344B7}.Ad-Hoc|iPhone.Build.0 = Ad-Hoc|iPhone
		{F4660E72-29C9-4067-9B71-4A76B6F344B7}.Ad-Hoc|iPhone.Deploy.0 = Ad-Hoc|iPhone
		{F4660E72-29C9-4067-9B71-4A76B6F344B7}.Ad-Hoc|iPhoneSimulator.ActiveCfg = Ad-Hoc|iPhoneSimulator
		{F4660E72-29C9-4067-9B71-4A76B6F344B7}.Ad-Hoc|iPhoneSimulator.Build.0 = Ad-Hoc|iPhoneSimulator
		{F4660E72-29C9-4067-9B71-4A76B6F344B7}.Ad-Hoc|iPhoneSimulator.Deploy.0 = Ad-Hoc|iPhoneSimulator
		{F4660E72-29C9-4067-9B71-4A76B6F344B7}.AppStore|Any CPU.ActiveCfg = AppStore|iPhone
		{F4660E72-29C9-4067-9B71-4A76B6F344B7}.AppStore|Any CPU.Build.0 = AppStore|iPhone
		{F4660E72-29C9-4067-9B71-4A76B6F344B7}.AppStore|Any CPU.Deploy.0 = AppStore|iPhone
		{F4660E72-29C9-4067-9B71-4A76B6F344B7}.AppStore|iPhone.ActiveCfg = AppStore|iPhone
		{F4660E72-29C9-4067-9B71-4A76B6F344B7}.AppStore|iPhone.Build.0 = AppStore|iPhone
		{F4660E72-29C9-4067-9B71-4A76B6F344B7}.AppStore|iPhone.Deploy.0 = AppStore|iPhone
		{F4660E72-29C9-4067-9B71-4A76B6F344B7}.AppStore|iPhoneSimulator.ActiveCfg = AppStore|iPhoneSimulator
		{F4660E72-29C9-4067-9B71-4A76B6F344B7}.AppStore|iPhoneSimulator.Build.0 = AppStore|iPhoneSimulator
		{F4660E72-29C9-4067-9B71-4A76B6F344B7}.AppStore|iPhoneSimulator.Deploy.0 = AppStore|iPhoneSimulator
		{F4660E72-29C9-4067-9B71-4A76B6F344B7}.Debug|Any CPU.ActiveCfg = Debug|iPhoneSimulator
		{F4660E72-29C9-4067-9B71-4A76B6F344B7}.Debug|Any CPU.Build.0 = Debug|iPhoneSimulator
		{F4660E72-29C9-4067-9B71-4A76B6F344B7}.Debug|Any CPU.Deploy.0 = Debug|iPhoneSimulator
		{F4660E72-29C9-4067-9B71-4A76B6F344B7}.Debug|iPhone.ActiveCfg = Debug|iPhone
		{F4660E72-29C9-4067-9B71-4A76B6F344B7}.Debug|iPhone.Build.0 = Debug|iPhone
		{F4660E72-29C9-4067-9B71-4A76B6F344B7}.Debug|iPhone.Deploy.0 = Debug|iPhone
		{F4660E72-29C9-4067-9B71-4A76B6F344B7}.Debug|iPhoneSimulator.ActiveCfg = Debug|iPhoneSimulator
		{F4660E72-29C9-4067-9B71-4A76B6F344B7}.Debug|iPhoneSimulator.Build.0 = Debug|iPhoneSimulator
		{F4660E72-29C9-4067-9B71-4A76B6F344B7}.Debug|iPhoneSimulator.Deploy.0 = Debug|iPhoneSimulator
		{F4660E72-29C9-4067-9B71-4A76B6F344B7}.Release|Any CPU.ActiveCfg = Release|iPhone
		{F4660E72-29C9-4067-9B71-4A76B6F344B7}.Release|Any CPU.Build.0 = Release|iPhone
		{F4660E72-29C9-4067-9B71-4A76B6F344B7}.Release|Any CPU.Deploy.0 = Release|iPhone
		{F4660E72-29C9-4067-9B71-4A76B6F344B7}.Release|iPhone.ActiveCfg = Release|iPhone
		{F4660E72-29C9-4067-9B71-4A76B6F344B7}.Release|iPhone.Build.0 = Release|iPhone
		{F4660E72-29C9-4067-9B71-4A76B6F344B7}.Release|iPhone.Deploy.0 = Release|iPhone
		{F4660E72-29C9-4067-9B71-4A76B6F344B7}.Release|iPhoneSimulator.ActiveCfg = Release|iPhoneSimulator
		{F4660E72-29C9-4067-9B71-4A76B6F344B7}.Release|iPhoneSimulator.Build.0 = Release|iPhoneSimulator
		{F4660E72-29C9-4067-9B71-4A76B6F344B7}.Release|iPhoneSimulator.Deploy.0 = Release|iPhoneSimulator
		{DE53E765-6F84-412B-A591-EFD00E4CC777}.Ad-Hoc|Any CPU.ActiveCfg = Debug|Any CPU
		{DE53E765-6F84-412B-A591-EFD00E4CC777}.Ad-Hoc|Any CPU.Build.0 = Debug|Any CPU
		{DE53E765-6F84-412B-A591-EFD00E4CC777}.Ad-Hoc|Any CPU.Deploy.0 = Debug|Any CPU
		{DE53E765-6F84-412B-A591-EFD00E4CC777}.Ad-Hoc|iPhone.ActiveCfg = Debug|Any CPU
		{DE53E765-6F84-412B-A591-EFD00E4CC777}.Ad-Hoc|iPhone.Build.0 = Debug|Any CPU
		{DE53E765-6F84-412B-A591-EFD00E4CC777}.Ad-Hoc|iPhone.Deploy.0 = Debug|Any CPU
		{DE53E765-6F84-412B-A591-EFD00E4CC777}.Ad-Hoc|iPhoneSimulator.ActiveCfg = Debug|Any CPU
		{DE53E765-6F84-412B-A591-EFD00E4CC777}.Ad-Hoc|iPhoneSimulator.Build.0 = Debug|Any CPU
		{DE53E765-6F84-412B-A591-EFD00E4CC777}.Ad-Hoc|iPhoneSimulator.Deploy.0 = Debug|Any CPU
		{DE53E765-6F84-412B-A591-EFD00E4CC777}.AppStore|Any CPU.ActiveCfg = Debug|Any CPU
		{DE53E765-6F84-412B-A591-EFD00E4CC777}.AppStore|Any CPU.Build.0 = Debug|Any CPU
		{DE53E765-6F84-412B-A591-EFD00E4CC777}.AppStore|Any CPU.Deploy.0 = Debug|Any CPU
		{DE53E765-6F84-412B-A591-EFD00E4CC777}.AppStore|iPhone.ActiveCfg = Debug|Any CPU
		{DE53E765-6F84-412B-A591-EFD00E4CC777}.AppStore|iPhone.Build.0 = Debug|Any CPU
		{DE53E765-6F84-412B-A591-EFD00E4CC777}.AppStore|iPhone.Deploy.0 = Debug|Any CPU
		{DE53E765-6F84-412B-A591-EFD00E4CC777}.AppStore|iPhoneSimulator.ActiveCfg = Debug|Any CPU
		{DE53E765-6F84-412B-A591-EFD00E4CC777}.AppStore|iPhoneSimulator.Build.0 = Debug|Any CPU
		{DE53E765-6F84-412B-A591-EFD00E4CC777}.AppStore|iPhoneSimulator.Deploy.0 = Debug|Any CPU
		{DE53E765-6F84-412B-A591-EFD00E4CC777}.Debug|Any CPU.ActiveCfg = Debug|Any CPU
		{DE53E765-6F84-412B-A591-EFD00E4CC777}.Debug|Any CPU.Build.0 = Debug|Any CPU
		{DE53E765-6F84-412B-A591-EFD00E4CC777}.Debug|Any CPU.Deploy.0 = Debug|Any CPU
		{DE53E765-6F84-412B-A591-EFD00E4CC777}.Debug|iPhone.ActiveCfg = Debug|Any CPU
		{DE53E765-6F84-412B-A591-EFD00E4CC777}.Debug|iPhone.Build.0 = Debug|Any CPU
		{DE53E765-6F84-412B-A591-EFD00E4CC777}.Debug|iPhone.Deploy.0 = Debug|Any CPU
		{DE53E765-6F84-412B-A591-EFD00E4CC777}.Debug|iPhoneSimulator.ActiveCfg = Debug|Any CPU
		{DE53E765-6F84-412B-A591-EFD00E4CC777}.Debug|iPhoneSimulator.Build.0 = Debug|Any CPU
		{DE53E765-6F84-412B-A591-EFD00E4CC777}.Debug|iPhoneSimulator.Deploy.0 = Debug|Any CPU
		{DE53E765-6F84-412B-A591-EFD00E4CC777}.Release|Any CPU.ActiveCfg = Release|Any CPU
		{DE53E765-6F84-412B-A591-EFD00E4CC777}.Release|Any CPU.Build.0 = Release|Any CPU
		{DE53E765-6F84-412B-A591-EFD00E4CC777}.Release|Any CPU.Deploy.0 = Release|Any CPU
		{DE53E765-6F84-412B-A591-EFD00E4CC777}.Release|iPhone.ActiveCfg = Release|Any CPU
		{DE53E765-6F84-412B-A591-EFD00E4CC777}.Release|iPhone.Build.0 = Release|Any CPU
		{DE53E765-6F84-412B-A591-EFD00E4CC777}.Release|iPhone.Deploy.0 = Release|Any CPU
		{DE53E765-6F84-412B-A591-EFD00E4CC777}.Release|iPhoneSimulator.ActiveCfg = Release|Any CPU
		{DE53E765-6F84-412B-A591-EFD00E4CC777}.Release|iPhoneSimulator.Build.0 = Release|Any CPU
		{DE53E765-6F84-412B-A591-EFD00E4CC777}.Release|iPhoneSimulator.Deploy.0 = Release|Any CPU
	EndGlobalSection
	GlobalSection(SolutionProperties) = preSolution
		HideSolutionNode = FALSE
	EndGlobalSection
	GlobalSection(ExtensibilityGlobals) = postSolution
		SolutionGuid = {14DA32ED-2BA7-4CA8-B94E-E781EA3D3EC6}
	EndGlobalSection
EndGlobal
