
Microsoft Visual Studio Solution File, Format Version 12.00
# Visual Studio Version 16
VisualStudioVersion = 16.0.29001.49
MinimumVisualStudioVersion = 10.0.40219.1
Project("{FAE04EC0-301F-11D3-BF4B-00C04F79EFBC}") = "OpenBacon.Android", "OpenBacon\OpenBacon.Android\OpenBacon.Android.csproj", "{166DD5D1-04F5-4FC6-9D0B-0D20F179B147}"
EndProject
Project("{FAE04EC0-301F-11D3-BF4B-00C04F79EFBC}") = "OpenBacon.iOS", "OpenBacon\OpenBacon.iOS\OpenBacon.iOS.csproj", "{F8D6F6D2-9C2A-41E2-94EC-59158973B0B6}"
EndProject
Project("{FAE04EC0-301F-11D3-BF4B-00C04F79EFBC}") = "OpenBacon", "OpenBacon\OpenBacon\OpenBacon.csproj", "{CBF0E073-4A75-44DC-884D-2586988804B2}"
EndProject
Global
	GlobalSection(SolutionConfigurationPlatforms) = preSolution
		Debug|Any CPU = Debug|Any CPU
		Debug|iPhone = Debug|iPhone
		Debug|iPhoneSimulator = Debug|iPhoneSimulator
		Release|Any CPU = Release|Any CPU
		Release|iPhone = Release|iPhone
		Release|iPhoneSimulator = Release|iPhoneSimulator
	EndGlobalSection
	GlobalSection(ProjectConfigurationPlatforms) = postSolution
		{166DD5D1-04F5-4FC6-9D0B-0D20F179B147}.Debug|Any CPU.ActiveCfg = Debug|Any CPU
		{166DD5D1-04F5-4FC6-9D0B-0D20F179B147}.Debug|Any CPU.Build.0 = Debug|Any CPU
		{166DD5D1-04F5-4FC6-9D0B-0D20F179B147}.Debug|Any CPU.Deploy.0 = Debug|Any CPU
		{166DD5D1-04F5-4FC6-9D0B-0D20F179B147}.Debug|iPhone.ActiveCfg = Debug|Any CPU
		{166DD5D1-04F5-4FC6-9D0B-0D20F179B147}.Debug|iPhone.Build.0 = Debug|Any CPU
		{166DD5D1-04F5-4FC6-9D0B-0D20F179B147}.Debug|iPhone.Deploy.0 = Debug|Any CPU
		{166DD5D1-04F5-4FC6-9D0B-0D20F179B147}.Debug|iPhoneSimulator.ActiveCfg = Debug|Any CPU
		{166DD5D1-04F5-4FC6-9D0B-0D20F179B147}.Debug|iPhoneSimulator.Build.0 = Debug|Any CPU
		{166DD5D1-04F5-4FC6-9D0B-0D20F179B147}.Debug|iPhoneSimulator.Deploy.0 = Debug|Any CPU
		{166DD5D1-04F5-4FC6-9D0B-0D20F179B147}.Release|Any CPU.ActiveCfg = Release|Any CPU
		{166DD5D1-04F5-4FC6-9D0B-0D20F179B147}.Release|Any CPU.Build.0 = Release|Any CPU
		{166DD5D1-04F5-4FC6-9D0B-0D20F179B147}.Release|Any CPU.Deploy.0 = Release|Any CPU
		{166DD5D1-04F5-4FC6-9D0B-0D20F179B147}.Release|iPhone.ActiveCfg = Release|Any CPU
		{166DD5D1-04F5-4FC6-9D0B-0D20F179B147}.Release|iPhone.Build.0 = Release|Any CPU
		{166DD5D1-04F5-4FC6-9D0B-0D20F179B147}.Release|iPhone.Deploy.0 = Release|Any CPU
		{166DD5D1-04F5-4FC6-9D0B-0D20F179B147}.Release|iPhoneSimulator.ActiveCfg = Release|Any CPU
		{166DD5D1-04F5-4FC6-9D0B-0D20F179B147}.Release|iPhoneSimulator.Build.0 = Release|Any CPU
		{166DD5D1-04F5-4FC6-9D0B-0D20F179B147}.Release|iPhoneSimulator.Deploy.0 = Release|Any CPU
		{F8D6F6D2-9C2A-41E2-94EC-59158973B0B6}.Debug|Any CPU.ActiveCfg = Debug|iPhoneSimulator
		{F8D6F6D2-9C2A-41E2-94EC-59158973B0B6}.Debug|Any CPU.Build.0 = Debug|iPhoneSimulator
		{F8D6F6D2-9C2A-41E2-94EC-59158973B0B6}.Debug|Any CPU.Deploy.0 = Debug|iPhoneSimulator
		{F8D6F6D2-9C2A-41E2-94EC-59158973B0B6}.Debug|iPhone.ActiveCfg = Debug|iPhone
		{F8D6F6D2-9C2A-41E2-94EC-59158973B0B6}.Debug|iPhone.Build.0 = Debug|iPhone
		{F8D6F6D2-9C2A-41E2-94EC-59158973B0B6}.Debug|iPhone.Deploy.0 = Debug|iPhone
		{F8D6F6D2-9C2A-41E2-94EC-59158973B0B6}.Debug|iPhoneSimulator.ActiveCfg = Debug|iPhoneSimulator
		{F8D6F6D2-9C2A-41E2-94EC-59158973B0B6}.Debug|iPhoneSimulator.Build.0 = Debug|iPhoneSimulator
		{F8D6F6D2-9C2A-41E2-94EC-59158973B0B6}.Debug|iPhoneSimulator.Deploy.0 = Debug|iPhoneSimulator
		{F8D6F6D2-9C2A-41E2-94EC-59158973B0B6}.Release|Any CPU.ActiveCfg = Release|iPhone
		{F8D6F6D2-9C2A-41E2-94EC-59158973B0B6}.Release|Any CPU.Build.0 = Release|iPhone
		{F8D6F6D2-9C2A-41E2-94EC-59158973B0B6}.Release|Any CPU.Deploy.0 = Release|iPhone
		{F8D6F6D2-9C2A-41E2-94EC-59158973B0B6}.Release|iPhone.ActiveCfg = Release|iPhone
		{F8D6F6D2-9C2A-41E2-94EC-59158973B0B6}.Release|iPhone.Build.0 = Release|iPhone
		{F8D6F6D2-9C2A-41E2-94EC-59158973B0B6}.Release|iPhone.Deploy.0 = Release|iPhone
		{F8D6F6D2-9C2A-41E2-94EC-59158973B0B6}.Release|iPhoneSimulator.ActiveCfg = Release|iPhoneSimulator
		{F8D6F6D2-9C2A-41E2-94EC-59158973B0B6}.Release|iPhoneSimulator.Build.0 = Release|iPhoneSimulator
		{F8D6F6D2-9C2A-41E2-94EC-59158973B0B6}.Release|iPhoneSimulator.Deploy.0 = Release|iPhoneSimulator
		{CBF0E073-4A75-44DC-884D-2586988804B2}.Debug|Any CPU.ActiveCfg = Debug|Any CPU
		{CBF0E073-4A75-44DC-884D-2586988804B2}.Debug|Any CPU.Build.0 = Debug|Any CPU
		{CBF0E073-4A75-44DC-884D-2586988804B2}.Debug|Any CPU.Deploy.0 = Debug|Any CPU
		{CBF0E073-4A75-44DC-884D-2586988804B2}.Debug|iPhone.ActiveCfg = Debug|Any CPU
		{CBF0E073-4A75-44DC-884D-2586988804B2}.Debug|iPhone.Build.0 = Debug|Any CPU
		{CBF0E073-4A75-44DC-884D-2586988804B2}.Debug|iPhone.Deploy.0 = Debug|Any CPU
		{CBF0E073-4A75-44DC-884D-2586988804B2}.Debug|iPhoneSimulator.ActiveCfg = Debug|Any CPU
		{CBF0E073-4A75-44DC-884D-2586988804B2}.Debug|iPhoneSimulator.Build.0 = Debug|Any CPU
		{CBF0E073-4A75-44DC-884D-2586988804B2}.Debug|iPhoneSimulator.Deploy.0 = Debug|Any CPU
		{CBF0E073-4A75-44DC-884D-2586988804B2}.Release|Any CPU.ActiveCfg = Release|Any CPU
		{CBF0E073-4A75-44DC-884D-2586988804B2}.Release|Any CPU.Build.0 = Release|Any CPU
		{CBF0E073-4A75-44DC-884D-2586988804B2}.Release|Any CPU.Deploy.0 = Release|Any CPU
		{CBF0E073-4A75-44DC-884D-2586988804B2}.Release|iPhone.ActiveCfg = Release|Any CPU
		{CBF0E073-4A75-44DC-884D-2586988804B2}.Release|iPhone.Build.0 = Release|Any CPU
		{CBF0E073-4A75-44DC-884D-2586988804B2}.Release|iPhone.Deploy.0 = Release|Any CPU
		{CBF0E073-4A75-44DC-884D-2586988804B2}.Release|iPhoneSimulator.ActiveCfg = Release|Any CPU
		{CBF0E073-4A75-44DC-884D-2586988804B2}.Release|iPhoneSimulator.Build.0 = Release|Any CPU
		{CBF0E073-4A75-44DC-884D-2586988804B2}.Release|iPhoneSimulator.Deploy.0 = Release|Any CPU
	EndGlobalSection
	GlobalSection(SolutionProperties) = preSolution
		HideSolutionNode = FALSE
	EndGlobalSection
	GlobalSection(ExtensibilityGlobals) = postSolution
		SolutionGuid = {B0FD62D4-BCAA-4B9E-9015-0FF39390EE4A}
	EndGlobalSection
EndGlobal
